
Microsoft Visual Studio Solution File, Format Version 12.00
# Visual Studio Version 16
VisualStudioVersion = 16.0.30225.117
MinimumVisualStudioVersion = 10.0.40219.1
Project("{9A19103F-16F7-4668-BE54-9A1E7A4F7556}") = "GstBancaire", "GstBancaire.csproj", "{4AD2948F-77B2-47DE-8E31-E7081BB14C7A}"
EndProject
Project("{9A19103F-16F7-4668-BE54-9A1E7A4F7556}") = "Points", "..\Point\Points.csproj", "{47BDE960-1A44-4E26-A568-A9BD887444F3}"
EndProject
Project("{9A19103F-16F7-4668-BE54-9A1E7A4F7556}") = "Fraction", "..\Fraction\Fraction.csproj", "{4E9C995D-CF71-4DBA-8730-A400AB40326B}"
EndProject
Project("{9A19103F-16F7-4668-BE54-9A1E7A4F7556}") = "Game_421", "..\Game_421\Game_421.csproj", "{92821CE9-123F-49A2-8807-F5BD5275E00E}"
EndProject
Project("{FAE04EC0-301F-11D3-BF4B-00C04F79EFBC}") = "GstBancaireTest", "..\GstBancaireTest\GstBancaireTest.csproj", "{A5EC28D7-D0BC-4AC6-8772-1DF47D978051}"
EndProject
Project("{FAE04EC0-301F-11D3-BF4B-00C04F79EFBC}") = "PointTest", "..\PointTest\PointTest.csproj", "{55D31EEF-5EA3-4D9E-A540-D7AD44ECC9BC}"
EndProject
Project("{FAE04EC0-301F-11D3-BF4B-00C04F79EFBC}") = "FractionTest", "..\FractionTest\FractionTest.csproj", "{E8584ABC-7936-44B7-81AF-147E8A4A9FB2}"
EndProject
Global
	GlobalSection(SolutionConfigurationPlatforms) = preSolution
		Debug|Any CPU = Debug|Any CPU
		Release|Any CPU = Release|Any CPU
	EndGlobalSection
	GlobalSection(ProjectConfigurationPlatforms) = postSolution
		{4AD2948F-77B2-47DE-8E31-E7081BB14C7A}.Debug|Any CPU.ActiveCfg = Debug|Any CPU
		{4AD2948F-77B2-47DE-8E31-E7081BB14C7A}.Debug|Any CPU.Build.0 = Debug|Any CPU
		{4AD2948F-77B2-47DE-8E31-E7081BB14C7A}.Release|Any CPU.ActiveCfg = Release|Any CPU
		{4AD2948F-77B2-47DE-8E31-E7081BB14C7A}.Release|Any CPU.Build.0 = Release|Any CPU
		{47BDE960-1A44-4E26-A568-A9BD887444F3}.Debug|Any CPU.ActiveCfg = Debug|Any CPU
		{47BDE960-1A44-4E26-A568-A9BD887444F3}.Debug|Any CPU.Build.0 = Debug|Any CPU
		{47BDE960-1A44-4E26-A568-A9BD887444F3}.Release|Any CPU.ActiveCfg = Release|Any CPU
		{47BDE960-1A44-4E26-A568-A9BD887444F3}.Release|Any CPU.Build.0 = Release|Any CPU
		{4E9C995D-CF71-4DBA-8730-A400AB40326B}.Debug|Any CPU.ActiveCfg = Debug|Any CPU
		{4E9C995D-CF71-4DBA-8730-A400AB40326B}.Debug|Any CPU.Build.0 = Debug|Any CPU
		{4E9C995D-CF71-4DBA-8730-A400AB40326B}.Release|Any CPU.ActiveCfg = Release|Any CPU
		{4E9C995D-CF71-4DBA-8730-A400AB40326B}.Release|Any CPU.Build.0 = Release|Any CPU
		{92821CE9-123F-49A2-8807-F5BD5275E00E}.Debug|Any CPU.ActiveCfg = Debug|Any CPU
		{92821CE9-123F-49A2-8807-F5BD5275E00E}.Debug|Any CPU.Build.0 = Debug|Any CPU
		{92821CE9-123F-49A2-8807-F5BD5275E00E}.Release|Any CPU.ActiveCfg = Release|Any CPU
		{92821CE9-123F-49A2-8807-F5BD5275E00E}.Release|Any CPU.Build.0 = Release|Any CPU
		{A5EC28D7-D0BC-4AC6-8772-1DF47D978051}.Debug|Any CPU.ActiveCfg = Debug|Any CPU
		{A5EC28D7-D0BC-4AC6-8772-1DF47D978051}.Debug|Any CPU.Build.0 = Debug|Any CPU
		{A5EC28D7-D0BC-4AC6-8772-1DF47D978051}.Release|Any CPU.ActiveCfg = Release|Any CPU
		{A5EC28D7-D0BC-4AC6-8772-1DF47D978051}.Release|Any CPU.Build.0 = Release|Any CPU
		{55D31EEF-5EA3-4D9E-A540-D7AD44ECC9BC}.Debug|Any CPU.ActiveCfg = Debug|Any CPU
		{55D31EEF-5EA3-4D9E-A540-D7AD44ECC9BC}.Debug|Any CPU.Build.0 = Debug|Any CPU
		{55D31EEF-5EA3-4D9E-A540-D7AD44ECC9BC}.Release|Any CPU.ActiveCfg = Release|Any CPU
		{55D31EEF-5EA3-4D9E-A540-D7AD44ECC9BC}.Release|Any CPU.Build.0 = Release|Any CPU
		{E8584ABC-7936-44B7-81AF-147E8A4A9FB2}.Debug|Any CPU.ActiveCfg = Debug|Any CPU
		{E8584ABC-7936-44B7-81AF-147E8A4A9FB2}.Debug|Any CPU.Build.0 = Debug|Any CPU
		{E8584ABC-7936-44B7-81AF-147E8A4A9FB2}.Release|Any CPU.ActiveCfg = Release|Any CPU
		{E8584ABC-7936-44B7-81AF-147E8A4A9FB2}.Release|Any CPU.Build.0 = Release|Any CPU
	EndGlobalSection
	GlobalSection(SolutionProperties) = preSolution
		HideSolutionNode = FALSE
	EndGlobalSection
	GlobalSection(ExtensibilityGlobals) = postSolution
		SolutionGuid = {CC8EC1F9-33CB-46E0-8F24-24E0B91D1D73}
	EndGlobalSection
EndGlobal
