
Microsoft Visual Studio Solution File, Format Version 12.00
# Visual Studio Version 16
VisualStudioVersion = 16.0.30804.86
MinimumVisualStudioVersion = 10.0.40219.1
Project("{FAE04EC0-301F-11D3-BF4B-00C04F79EFBC}") = "Tp_Freelance", "Tp_Freelance.csproj", "{EB64556E-8197-4445-8A7D-E7A1676CDBDA}"
EndProject
Global
	GlobalSection(SolutionConfigurationPlatforms) = preSolution
		Debug|Any CPU = Debug|Any CPU
		Release|Any CPU = Release|Any CPU
	EndGlobalSection
	GlobalSection(ProjectConfigurationPlatforms) = postSolution
		{EB64556E-8197-4445-8A7D-E7A1676CDBDA}.Debug|Any CPU.ActiveCfg = Debug|Any CPU
		{EB64556E-8197-4445-8A7D-E7A1676CDBDA}.Debug|Any CPU.Build.0 = Debug|Any CPU
		{EB64556E-8197-4445-8A7D-E7A1676CDBDA}.Release|Any CPU.ActiveCfg = Release|Any CPU
		{EB64556E-8197-4445-8A7D-E7A1676CDBDA}.Release|Any CPU.Build.0 = Release|Any CPU
	EndGlobalSection
	GlobalSection(SolutionProperties) = preSolution
		HideSolutionNode = FALSE
	EndGlobalSection
	GlobalSection(ExtensibilityGlobals) = postSolution
		SolutionGuid = {2AB28680-EC98-4DC4-BB52-DE10D152514E}
	EndGlobalSection
EndGlobal
